
Microsoft Visual Studio Solution File, Format Version 12.00
# Visual Studio Version 17
VisualStudioVersion = 17.9.34407.89
MinimumVisualStudioVersion = 10.0.40219.1
Project("{2150E333-8FDC-42A3-9474-1A3956D46DE8}") = "src", "src", "{C06163A6-AC63-4452-B7DF-0904E6FE2519}"
EndProject
Project("{2150E333-8FDC-42A3-9474-1A3956D46DE8}") = "tests", "tests", "{937D3526-3A56-4884-8A2F-910545C373D2}"
EndProject
Project("{9A19103F-16F7-4668-BE54-9A1E7A4F7556}") = "EMSPro.Models", "EMSPro.Models\EMSPro.Models.csproj", "{48506A51-2811-40F8-9295-15076211E6D5}"
EndProject
Project("{9A19103F-16F7-4668-BE54-9A1E7A4F7556}") = "EMSPro.Data", "EMSPro.Data\EMSPro.Data.csproj", "{7299CE40-16A3-437B-8487-16AF0F48EFB8}"
EndProject
Project("{9A19103F-16F7-4668-BE54-9A1E7A4F7556}") = "EMSPro.Core", "EMSPro.Core\EMSPro.Core.csproj", "{05216502-2359-4771-9B1F-8A68AD94F0C8}"
EndProject
Project("{9A19103F-16F7-4668-BE54-9A1E7A4F7556}") = "EMSPro.App", "EMSPro.Console\EMSPro.App.csproj", "{E7E3C74D-3F16-4508-9D8B-6DCB71FBEE98}"
EndProject
Global
	GlobalSection(SolutionConfigurationPlatforms) = preSolution
		Debug|Any CPU = Debug|Any CPU
		Release|Any CPU = Release|Any CPU
	EndGlobalSection
	GlobalSection(ProjectConfigurationPlatforms) = postSolution
		{48506A51-2811-40F8-9295-15076211E6D5}.Debug|Any CPU.ActiveCfg = Debug|Any CPU
		{48506A51-2811-40F8-9295-15076211E6D5}.Debug|Any CPU.Build.0 = Debug|Any CPU
		{48506A51-2811-40F8-9295-15076211E6D5}.Release|Any CPU.ActiveCfg = Release|Any CPU
		{48506A51-2811-40F8-9295-15076211E6D5}.Release|Any CPU.Build.0 = Release|Any CPU
		{7299CE40-16A3-437B-8487-16AF0F48EFB8}.Debug|Any CPU.ActiveCfg = Debug|Any CPU
		{7299CE40-16A3-437B-8487-16AF0F48EFB8}.Debug|Any CPU.Build.0 = Debug|Any CPU
		{7299CE40-16A3-437B-8487-16AF0F48EFB8}.Release|Any CPU.ActiveCfg = Release|Any CPU
		{7299CE40-16A3-437B-8487-16AF0F48EFB8}.Release|Any CPU.Build.0 = Release|Any CPU
		{05216502-2359-4771-9B1F-8A68AD94F0C8}.Debug|Any CPU.ActiveCfg = Debug|Any CPU
		{05216502-2359-4771-9B1F-8A68AD94F0C8}.Debug|Any CPU.Build.0 = Debug|Any CPU
		{05216502-2359-4771-9B1F-8A68AD94F0C8}.Release|Any CPU.ActiveCfg = Release|Any CPU
		{05216502-2359-4771-9B1F-8A68AD94F0C8}.Release|Any CPU.Build.0 = Release|Any CPU
		{E7E3C74D-3F16-4508-9D8B-6DCB71FBEE98}.Debug|Any CPU.ActiveCfg = Debug|Any CPU
		{E7E3C74D-3F16-4508-9D8B-6DCB71FBEE98}.Debug|Any CPU.Build.0 = Debug|Any CPU
		{E7E3C74D-3F16-4508-9D8B-6DCB71FBEE98}.Release|Any CPU.ActiveCfg = Release|Any CPU
		{E7E3C74D-3F16-4508-9D8B-6DCB71FBEE98}.Release|Any CPU.Build.0 = Release|Any CPU
	EndGlobalSection
	GlobalSection(SolutionProperties) = preSolution
		HideSolutionNode = FALSE
	EndGlobalSection
	GlobalSection(NestedProjects) = preSolution
		{48506A51-2811-40F8-9295-15076211E6D5} = {C06163A6-AC63-4452-B7DF-0904E6FE2519}
		{7299CE40-16A3-437B-8487-16AF0F48EFB8} = {C06163A6-AC63-4452-B7DF-0904E6FE2519}
		{05216502-2359-4771-9B1F-8A68AD94F0C8} = {C06163A6-AC63-4452-B7DF-0904E6FE2519}
		{E7E3C74D-3F16-4508-9D8B-6DCB71FBEE98} = {C06163A6-AC63-4452-B7DF-0904E6FE2519}
	EndGlobalSection
	GlobalSection(ExtensibilityGlobals) = postSolution
		SolutionGuid = {EDEF1EAA-FBC5-47C8-8117-9D5281AA1C59}
	EndGlobalSection
EndGlobal
